
Microsoft Visual Studio Solution File, Format Version 12.00
# Visual Studio Version 16
VisualStudioVersion = 16.0.30907.101
MinimumVisualStudioVersion = 10.0.40219.1
Project("{FAE04EC0-301F-11D3-BF4B-00C04F79EFBC}") = "ConsoleApp1", "ConsoleApp1\ConsoleApp1.csproj", "{5EFF83C5-3A1C-4341-B597-359DDFC03025}"
EndProject
Global
	GlobalSection(SolutionConfigurationPlatforms) = preSolution
		Debug|Any CPU = Debug|Any CPU
		Release|Any CPU = Release|Any CPU
	EndGlobalSection
	GlobalSection(ProjectConfigurationPlatforms) = postSolution
		{5EFF83C5-3A1C-4341-B597-359DDFC03025}.Debug|Any CPU.ActiveCfg = Debug|Any CPU
		{5EFF83C5-3A1C-4341-B597-359DDFC03025}.Debug|Any CPU.Build.0 = Debug|Any CPU
		{5EFF83C5-3A1C-4341-B597-359DDFC03025}.Release|Any CPU.ActiveCfg = Release|Any CPU
		{5EFF83C5-3A1C-4341-B597-359DDFC03025}.Release|Any CPU.Build.0 = Release|Any CPU
	EndGlobalSection
	GlobalSection(SolutionProperties) = preSolution
		HideSolutionNode = FALSE
	EndGlobalSection
	GlobalSection(ExtensibilityGlobals) = postSolution
		SolutionGuid = {1C538781-03A1-460C-812F-8DAA99EB7556}
	EndGlobalSection
EndGlobal
